
Microsoft Visual Studio Solution File, Format Version 12.00
# Visual Studio Version 17
VisualStudioVersion = 17.3.32922.545
MinimumVisualStudioVersion = 10.0.40219.1
Project("{FAE04EC0-301F-11D3-BF4B-00C04F79EFBC}") = "QuizeWIndowsApplication", "QuizeWIndowsApplication.csproj", "{08D8CD09-5E4A-4EF6-BA28-F7B6A7D73F89}"
EndProject
Global
	GlobalSection(SolutionConfigurationPlatforms) = preSolution
		Debug|Any CPU = Debug|Any CPU
		Release|Any CPU = Release|Any CPU
	EndGlobalSection
	GlobalSection(ProjectConfigurationPlatforms) = postSolution
		{08D8CD09-5E4A-4EF6-BA28-F7B6A7D73F89}.Debug|Any CPU.ActiveCfg = Debug|Any CPU
		{08D8CD09-5E4A-4EF6-BA28-F7B6A7D73F89}.Debug|Any CPU.Build.0 = Debug|Any CPU
		{08D8CD09-5E4A-4EF6-BA28-F7B6A7D73F89}.Release|Any CPU.ActiveCfg = Release|Any CPU
		{08D8CD09-5E4A-4EF6-BA28-F7B6A7D73F89}.Release|Any CPU.Build.0 = Release|Any CPU
	EndGlobalSection
	GlobalSection(SolutionProperties) = preSolution
		HideSolutionNode = FALSE
	EndGlobalSection
	GlobalSection(ExtensibilityGlobals) = postSolution
		SolutionGuid = {96F04108-6D27-4AC4-B2E7-96EF9393CC31}
	EndGlobalSection
EndGlobal
